
Microsoft Visual Studio Solution File, Format Version 12.00
# Visual Studio Version 16
VisualStudioVersion = 16.0.29519.181
MinimumVisualStudioVersion = 10.0.40219.1
Project("{FAE04EC0-301F-11D3-BF4B-00C04F79EFBC}") = "Bool Pgia'a", "Bool Pgia'a\Bool Pgia'a.csproj", "{C80B3595-3122-4338-892A-9D514109C242}"
EndProject
Global
	GlobalSection(SolutionConfigurationPlatforms) = preSolution
		Debug|Any CPU = Debug|Any CPU
		Release|Any CPU = Release|Any CPU
	EndGlobalSection
	GlobalSection(ProjectConfigurationPlatforms) = postSolution
		{C80B3595-3122-4338-892A-9D514109C242}.Debug|Any CPU.ActiveCfg = Debug|Any CPU
		{C80B3595-3122-4338-892A-9D514109C242}.Debug|Any CPU.Build.0 = Debug|Any CPU
		{C80B3595-3122-4338-892A-9D514109C242}.Release|Any CPU.ActiveCfg = Release|Any CPU
		{C80B3595-3122-4338-892A-9D514109C242}.Release|Any CPU.Build.0 = Release|Any CPU
	EndGlobalSection
	GlobalSection(SolutionProperties) = preSolution
		HideSolutionNode = FALSE
	EndGlobalSection
	GlobalSection(ExtensibilityGlobals) = postSolution
		SolutionGuid = {CD9CA104-F82D-464B-BD46-812B887A1814}
	EndGlobalSection
EndGlobal
